
Microsoft Visual Studio Solution File, Format Version 12.00
# Visual Studio Version 17
VisualStudioVersion = 17.13.35818.85 d17.13
MinimumVisualStudioVersion = 10.0.40219.1
Project("{FAE04EC0-301F-11D3-BF4B-00C04F79EFBC}") = "tpmodul4_1030223000014", "tpmodul4_1030223000014\tpmodul4_1030223000014.csproj", "{EC2A7DB3-B9C6-4F5C-8252-A8BF7963C5DB}"
EndProject
Global
	GlobalSection(SolutionConfigurationPlatforms) = preSolution
		Debug|Any CPU = Debug|Any CPU
		Release|Any CPU = Release|Any CPU
	EndGlobalSection
	GlobalSection(ProjectConfigurationPlatforms) = postSolution
		{EC2A7DB3-B9C6-4F5C-8252-A8BF7963C5DB}.Debug|Any CPU.ActiveCfg = Debug|Any CPU
		{EC2A7DB3-B9C6-4F5C-8252-A8BF7963C5DB}.Debug|Any CPU.Build.0 = Debug|Any CPU
		{EC2A7DB3-B9C6-4F5C-8252-A8BF7963C5DB}.Release|Any CPU.ActiveCfg = Release|Any CPU
		{EC2A7DB3-B9C6-4F5C-8252-A8BF7963C5DB}.Release|Any CPU.Build.0 = Release|Any CPU
	EndGlobalSection
	GlobalSection(SolutionProperties) = preSolution
		HideSolutionNode = FALSE
	EndGlobalSection
	GlobalSection(ExtensibilityGlobals) = postSolution
		SolutionGuid = {FF3C7196-6328-4D11-B538-B4F05703B462}
	EndGlobalSection
EndGlobal
